// !$*UTF8*$!
{
	archiveVersion = 1;
	classes = {
	};
	objectVersion = 46;
	objects = {

/* Begin PBXBuildFile section */
		E83A11061BE1C68300C329CD /* MusicalInfoManager.m in Sources */ = {isa = PBXBuildFile; fileRef = E83A11051BE1C68300C329CD /* MusicalInfoManager.m */; };
		E83A11091BE1CEA000C329CD /* MusicModel.m in Sources */ = {isa = PBXBuildFile; fileRef = E83A11081BE1CEA000C329CD /* MusicModel.m */; };
		E83A110C1BE2125D00C329CD /* MusicTableViewCell.m in Sources */ = {isa = PBXBuildFile; fileRef = E83A110B1BE2125D00C329CD /* MusicTableViewCell.m */; };
		E83A111C1BE2FC1B00C329CD /* MusicPlayTableViewController.m in Sources */ = {isa = PBXBuildFile; fileRef = E83A111B1BE2FC1B00C329CD /* MusicPlayTableViewController.m */; };
		E84261FD1BE072C500770213 /* main.m in Sources */ = {isa = PBXBuildFile; fileRef = E84261FC1BE072C500770213 /* main.m */; };
		E84262001BE072C500770213 /* AppDelegate.m in Sources */ = {isa = PBXBuildFile; fileRef = E84261FF1BE072C500770213 /* AppDelegate.m */; };
		E84262061BE072C500770213 /* Main.storyboard in Resources */ = {isa = PBXBuildFile; fileRef = E84262041BE072C500770213 /* Main.storyboard */; };
		E84262081BE072C500770213 /* Assets.xcassets in Resources */ = {isa = PBXBuildFile; fileRef = E84262071BE072C500770213 /* Assets.xcassets */; };
		E842620B1BE072C500770213 /* LaunchScreen.storyboard in Resources */ = {isa = PBXBuildFile; fileRef = E84262091BE072C500770213 /* LaunchScreen.storyboard */; };
		E84262161BE072C500770213 /* ________Tests.m in Sources */ = {isa = PBXBuildFile; fileRef = E84262151BE072C500770213 /* ________Tests.m */; };
		E84262211BE072C500770213 /* ________UITests.m in Sources */ = {isa = PBXBuildFile; fileRef = E84262201BE072C500770213 /* ________UITests.m */; };
		E85A3E561BE1B28100AE5A45 /* arrowdown.png in Resources */ = {isa = PBXBuildFile; fileRef = E85A3E161BE1B28100AE5A45 /* arrowdown.png */; };
		E85A3E571BE1B28100AE5A45 /* background640*1136@2x.jpg in Resources */ = {isa = PBXBuildFile; fileRef = E85A3E171BE1B28100AE5A45 /* background640*1136@2x.jpg */; };
		E85A3E581BE1B28100AE5A45 /* forward.png in Resources */ = {isa = PBXBuildFile; fileRef = E85A3E181BE1B28100AE5A45 /* forward.png */; };
		E85A3E591BE1B28100AE5A45 /* forward_h.png in Resources */ = {isa = PBXBuildFile; fileRef = E85A3E191BE1B28100AE5A45 /* forward_h.png */; };
		E85A3E5A1BE1B28100AE5A45 /* loop-s.png in Resources */ = {isa = PBXBuildFile; fileRef = E85A3E1A1BE1B28100AE5A45 /* loop-s.png */; };
		E85A3E5B1BE1B28100AE5A45 /* loop.png in Resources */ = {isa = PBXBuildFile; fileRef = E85A3E1B1BE1B28100AE5A45 /* loop.png */; };
		E85A3E5C1BE1B28100AE5A45 /* music-s.png in Resources */ = {isa = PBXBuildFile; fileRef = E85A3E1C1BE1B28100AE5A45 /* music-s.png */; };
		E85A3E5D1BE1B28100AE5A45 /* music.png in Resources */ = {isa = PBXBuildFile; fileRef = E85A3E1D1BE1B28100AE5A45 /* music.png */; };
		E85A3E5E1BE1B28100AE5A45 /* musicalnote-s.png in Resources */ = {isa = PBXBuildFile; fileRef = E85A3E1E1BE1B28100AE5A45 /* musicalnote-s.png */; };
		E85A3E5F1BE1B28100AE5A45 /* musicalnote.png in Resources */ = {isa = PBXBuildFile; fileRef = E85A3E1F1BE1B28100AE5A45 /* musicalnote.png */; };
		E85A3E601BE1B28100AE5A45 /* pause.png in Resources */ = {isa = PBXBuildFile; fileRef = E85A3E201BE1B28100AE5A45 /* pause.png */; };
		E85A3E611BE1B28100AE5A45 /* pause_h.png in Resources */ = {isa = PBXBuildFile; fileRef = E85A3E211BE1B28100AE5A45 /* pause_h.png */; };
		E85A3E621BE1B28100AE5A45 /* place_holder.PNG in Resources */ = {isa = PBXBuildFile; fileRef = E85A3E221BE1B28100AE5A45 /* place_holder.PNG */; };
		E85A3E631BE1B28100AE5A45 /* play.png in Resources */ = {isa = PBXBuildFile; fileRef = E85A3E231BE1B28100AE5A45 /* play.png */; };
		E85A3E641BE1B28100AE5A45 /* play_h.png in Resources */ = {isa = PBXBuildFile; fileRef = E85A3E241BE1B28100AE5A45 /* play_h.png */; };
		E85A3E651BE1B28100AE5A45 /* rewind.png in Resources */ = {isa = PBXBuildFile; fileRef = E85A3E251BE1B28100AE5A45 /* rewind.png */; };
		E85A3E661BE1B28100AE5A45 /* rewind_h.png in Resources */ = {isa = PBXBuildFile; fileRef = E85A3E261BE1B28100AE5A45 /* rewind_h.png */; };
		E85A3E671BE1B28100AE5A45 /* shuffle-s.png in Resources */ = {isa = PBXBuildFile; fileRef = E85A3E271BE1B28100AE5A45 /* shuffle-s.png */; };
		E85A3E681BE1B28100AE5A45 /* shuffle.png in Resources */ = {isa = PBXBuildFile; fileRef = E85A3E281BE1B28100AE5A45 /* shuffle.png */; };
		E85A3E691BE1B28100AE5A45 /* singleloop-s.png in Resources */ = {isa = PBXBuildFile; fileRef = E85A3E291BE1B28100AE5A45 /* singleloop-s.png */; };
		E85A3E6A1BE1B28100AE5A45 /* singleloop.png in Resources */ = {isa = PBXBuildFile; fileRef = E85A3E2A1BE1B28100AE5A45 /* singleloop.png */; };
		E85A3E6B1BE1B28100AE5A45 /* thumb@2x.png in Resources */ = {isa = PBXBuildFile; fileRef = E85A3E2B1BE1B28100AE5A45 /* thumb@2x.png */; };
		E85A3E6C1BE1B28100AE5A45 /* thumb@3x.png in Resources */ = {isa = PBXBuildFile; fileRef = E85A3E2C1BE1B28100AE5A45 /* thumb@3x.png */; };
		E85A3E6D1BE1B28100AE5A45 /* volume_max.png in Resources */ = {isa = PBXBuildFile; fileRef = E85A3E2D1BE1B28100AE5A45 /* volume_max.png */; };
		E85A3E6E1BE1B28100AE5A45 /* volume_mute.png in Resources */ = {isa = PBXBuildFile; fileRef = E85A3E2E1BE1B28100AE5A45 /* volume_mute.png */; };
		E85A3E6F1BE1B28100AE5A45 /* volumehigh@2x.png in Resources */ = {isa = PBXBuildFile; fileRef = E85A3E2F1BE1B28100AE5A45 /* volumehigh@2x.png */; };
		E85A3E701BE1B28100AE5A45 /* volumehigh@3x.png in Resources */ = {isa = PBXBuildFile; fileRef = E85A3E301BE1B28100AE5A45 /* volumehigh@3x.png */; };
		E85A3E711BE1B28100AE5A45 /* volumelow@2x.png in Resources */ = {isa = PBXBuildFile; fileRef = E85A3E311BE1B28100AE5A45 /* volumelow@2x.png */; };
		E85A3E721BE1B28100AE5A45 /* volumelow@3x.png in Resources */ = {isa = PBXBuildFile; fileRef = E85A3E321BE1B28100AE5A45 /* volumelow@3x.png */; };
		E85A3E731BE1B28100AE5A45 /* volumn_slider_thumb@2x.png in Resources */ = {isa = PBXBuildFile; fileRef = E85A3E331BE1B28100AE5A45 /* volumn_slider_thumb@2x.png */; };
		E85A3E741BE1B28100AE5A45 /* MKAnnotationView+WebCache.m in Sources */ = {isa = PBXBuildFile; fileRef = E85A3E361BE1B28100AE5A45 /* MKAnnotationView+WebCache.m */; };
		E85A3E751BE1B28100AE5A45 /* NSData+ImageContentType.m in Sources */ = {isa = PBXBuildFile; fileRef = E85A3E381BE1B28100AE5A45 /* NSData+ImageContentType.m */; };
		E85A3E761BE1B28100AE5A45 /* SDImageCache.m in Sources */ = {isa = PBXBuildFile; fileRef = E85A3E3A1BE1B28100AE5A45 /* SDImageCache.m */; };
		E85A3E771BE1B28100AE5A45 /* SDWebImageCompat.m in Sources */ = {isa = PBXBuildFile; fileRef = E85A3E3C1BE1B28100AE5A45 /* SDWebImageCompat.m */; };
		E85A3E781BE1B28100AE5A45 /* SDWebImageDecoder.m in Sources */ = {isa = PBXBuildFile; fileRef = E85A3E3E1BE1B28100AE5A45 /* SDWebImageDecoder.m */; };
		E85A3E791BE1B28100AE5A45 /* SDWebImageDownloader.m in Sources */ = {isa = PBXBuildFile; fileRef = E85A3E401BE1B28100AE5A45 /* SDWebImageDownloader.m */; };
		E85A3E7A1BE1B28100AE5A45 /* SDWebImageDownloaderOperation.m in Sources */ = {isa = PBXBuildFile; fileRef = E85A3E421BE1B28100AE5A45 /* SDWebImageDownloaderOperation.m */; };
		E85A3E7B1BE1B28100AE5A45 /* SDWebImageManager.m in Sources */ = {isa = PBXBuildFile; fileRef = E85A3E441BE1B28100AE5A45 /* SDWebImageManager.m */; };
		E85A3E7C1BE1B28100AE5A45 /* SDWebImagePrefetcher.m in Sources */ = {isa = PBXBuildFile; fileRef = E85A3E471BE1B28100AE5A45 /* SDWebImagePrefetcher.m */; };
		E85A3E7D1BE1B28100AE5A45 /* UIButton+WebCache.m in Sources */ = {isa = PBXBuildFile; fileRef = E85A3E491BE1B28100AE5A45 /* UIButton+WebCache.m */; };
		E85A3E7E1BE1B28100AE5A45 /* UIImage+GIF.m in Sources */ = {isa = PBXBuildFile; fileRef = E85A3E4B1BE1B28100AE5A45 /* UIImage+GIF.m */; };
		E85A3E7F1BE1B28100AE5A45 /* UIImage+MultiFormat.m in Sources */ = {isa = PBXBuildFile; fileRef = E85A3E4D1BE1B28100AE5A45 /* UIImage+MultiFormat.m */; };
		E85A3E801BE1B28100AE5A45 /* UIImage+WebP.m in Sources */ = {isa = PBXBuildFile; fileRef = E85A3E4F1BE1B28100AE5A45 /* UIImage+WebP.m */; };
		E85A3E811BE1B28100AE5A45 /* UIImageView+HighlightedWebCache.m in Sources */ = {isa = PBXBuildFile; fileRef = E85A3E511BE1B28100AE5A45 /* UIImageView+HighlightedWebCache.m */; };
		E85A3E821BE1B28100AE5A45 /* UIImageView+WebCache.m in Sources */ = {isa = PBXBuildFile; fileRef = E85A3E531BE1B28100AE5A45 /* UIImageView+WebCache.m */; };
		E85A3E831BE1B28100AE5A45 /* UIView+WebCacheOperation.m in Sources */ = {isa = PBXBuildFile; fileRef = E85A3E551BE1B28100AE5A45 /* UIView+WebCacheOperation.m */; };
		E85A3E8E1BE1BF2000AE5A45 /* MusicListTableViewController.m in Sources */ = {isa = PBXBuildFile; fileRef = E85A3E8D1BE1BF2000AE5A45 /* MusicListTableViewController.m */; };
		E8DADAC41BEA5418009235B5 /* Furious7.jpg in Resources */ = {isa = PBXBuildFile; fileRef = E8DADAC31BEA5418009235B5 /* Furious7.jpg */; };
		E8DCCA271BE6F54000D7C3EB /* HL Player.m in Sources */ = {isa = PBXBuildFile; fileRef = E8DCCA261BE6F54000D7C3EB /* HL Player.m */; };
		E8DCCA2F1BE845EF00D7C3EB /* LyricModel.m in Sources */ = {isa = PBXBuildFile; fileRef = E8DCCA2E1BE845EF00D7C3EB /* LyricModel.m */; };
		E8DCCA321BE847B700D7C3EB /* LyricHelper.m in Sources */ = {isa = PBXBuildFile; fileRef = E8DCCA311BE847B700D7C3EB /* LyricHelper.m */; };
/* End PBXBuildFile section */

/* Begin PBXContainerItemProxy section */
		E84262121BE072C500770213 /* PBXContainerItemProxy */ = {
			isa = PBXContainerItemProxy;
			containerPortal = E84261F01BE072C500770213 /* Project object */;
			proxyType = 1;
			remoteGlobalIDString = E84261F71BE072C500770213;
			remoteInfo = "项目_音乐播放器";
		};
		E842621D1BE072C500770213 /* PBXContainerItemProxy */ = {
			isa = PBXContainerItemProxy;
			containerPortal = E84261F01BE072C500770213 /* Project object */;
			proxyType = 1;
			remoteGlobalIDString = E84261F71BE072C500770213;
			remoteInfo = "项目_音乐播放器";
		};
/* End PBXContainerItemProxy section */

/* Begin PBXFileReference section */
		E83A11041BE1C68300C329CD /* MusicalInfoManager.h */ = {isa = PBXFileReference; fileEncoding = 4; lastKnownFileType = sourcecode.c.h; path = MusicalInfoManager.h; sourceTree = "<group>"; };
		E83A11051BE1C68300C329CD /* MusicalInfoManager.m */ = {isa = PBXFileReference; fileEncoding = 4; lastKnownFileType = sourcecode.c.objc; path = MusicalInfoManager.m; sourceTree = "<group>"; };
		E83A11071BE1CEA000C329CD /* MusicModel.h */ = {isa = PBXFileReference; fileEncoding = 4; lastKnownFileType = sourcecode.c.h; path = MusicModel.h; sourceTree = "<group>"; };
		E83A11081BE1CEA000C329CD /* MusicModel.m */ = {isa = PBXFileReference; fileEncoding = 4; lastKnownFileType = sourcecode.c.objc; path = MusicModel.m; sourceTree = "<group>"; };
		E83A110A1BE2125D00C329CD /* MusicTableViewCell.h */ = {isa = PBXFileReference; fileEncoding = 4; lastKnownFileType = sourcecode.c.h; path = MusicTableViewCell.h; sourceTree = "<group>"; };
		E83A110B1BE2125D00C329CD /* MusicTableViewCell.m */ = {isa = PBXFileReference; fileEncoding = 4; lastKnownFileType = sourcecode.c.objc; path = MusicTableViewCell.m; sourceTree = "<group>"; };
		E83A111A1BE2FC1B00C329CD /* MusicPlayTableViewController.h */ = {isa = PBXFileReference; fileEncoding = 4; lastKnownFileType = sourcecode.c.h; path = MusicPlayTableViewController.h; sourceTree = "<group>"; };
		E83A111B1BE2FC1B00C329CD /* MusicPlayTableViewController.m */ = {isa = PBXFileReference; fileEncoding = 4; lastKnownFileType = sourcecode.c.objc; path = MusicPlayTableViewController.m; sourceTree = "<group>"; };
		E84261F81BE072C500770213 /* 项目_音乐播放器.app */ = {isa = PBXFileReference; explicitFileType = wrapper.application; includeInIndex = 0; path = "项目_音乐播放器.app"; sourceTree = BUILT_PRODUCTS_DIR; };
		E84261FC1BE072C500770213 /* main.m */ = {isa = PBXFileReference; lastKnownFileType = sourcecode.c.objc; path = main.m; sourceTree = "<group>"; };
		E84261FE1BE072C500770213 /* AppDelegate.h */ = {isa = PBXFileReference; lastKnownFileType = sourcecode.c.h; path = AppDelegate.h; sourceTree = "<group>"; };
		E84261FF1BE072C500770213 /* AppDelegate.m */ = {isa = PBXFileReference; lastKnownFileType = sourcecode.c.objc; path = AppDelegate.m; sourceTree = "<group>"; };
		E84262051BE072C500770213 /* Base */ = {isa = PBXFileReference; lastKnownFileType = file.storyboard; name = Base; path = Base.lproj/Main.storyboard; sourceTree = "<group>"; };
		E84262071BE072C500770213 /* Assets.xcassets */ = {isa = PBXFileReference; lastKnownFileType = folder.assetcatalog; path = Assets.xcassets; sourceTree = "<group>"; };
		E842620A1BE072C500770213 /* Base */ = {isa = PBXFileReference; lastKnownFileType = file.storyboard; name = Base; path = Base.lproj/LaunchScreen.storyboard; sourceTree = "<group>"; };
		E842620C1BE072C500770213 /* Info.plist */ = {isa = PBXFileReference; lastKnownFileType = text.plist.xml; path = Info.plist; sourceTree = "<group>"; };
		E84262111BE072C500770213 /* 项目_音乐播放器Tests.xctest */ = {isa = PBXFileReference; explicitFileType = wrapper.cfbundle; includeInIndex = 0; path = "项目_音乐播放器Tests.xctest"; sourceTree = BUILT_PRODUCTS_DIR; };
		E84262151BE072C500770213 /* ________Tests.m */ = {isa = PBXFileReference; lastKnownFileType = sourcecode.c.objc; path = "________Tests.m"; sourceTree = "<group>"; };
		E84262171BE072C500770213 /* Info.plist */ = {isa = PBXFileReference; lastKnownFileType = text.plist.xml; path = Info.plist; sourceTree = "<group>"; };
		E842621C1BE072C500770213 /* 项目_音乐播放器UITests.xctest */ = {isa = PBXFileReference; explicitFileType = wrapper.cfbundle; includeInIndex = 0; path = "项目_音乐播放器UITests.xctest"; sourceTree = BUILT_PRODUCTS_DIR; };
		E84262201BE072C500770213 /* ________UITests.m */ = {isa = PBXFileReference; lastKnownFileType = sourcecode.c.objc; path = "________UITests.m"; sourceTree = "<group>"; };
		E84262221BE072C500770213 /* Info.plist */ = {isa = PBXFileReference; lastKnownFileType = text.plist.xml; path = Info.plist; sourceTree = "<group>"; };
		E85A3E161BE1B28100AE5A45 /* arrowdown.png */ = {isa = PBXFileReference; lastKnownFileType = image.png; path = arrowdown.png; sourceTree = "<group>"; };
		E85A3E171BE1B28100AE5A45 /* background640*1136@2x.jpg */ = {isa = PBXFileReference; lastKnownFileType = image.jpeg; path = "background640*1136@2x.jpg"; sourceTree = "<group>"; };
		E85A3E181BE1B28100AE5A45 /* forward.png */ = {isa = PBXFileReference; lastKnownFileType = image.png; path = forward.png; sourceTree = "<group>"; };
		E85A3E191BE1B28100AE5A45 /* forward_h.png */ = {isa = PBXFileReference; lastKnownFileType = image.png; path = forward_h.png; sourceTree = "<group>"; };
		E85A3E1A1BE1B28100AE5A45 /* loop-s.png */ = {isa = PBXFileReference; lastKnownFileType = image.png; path = "loop-s.png"; sourceTree = "<group>"; };
		E85A3E1B1BE1B28100AE5A45 /* loop.png */ = {isa = PBXFileReference; lastKnownFileType = image.png; path = loop.png; sourceTree = "<group>"; };
		E85A3E1C1BE1B28100AE5A45 /* music-s.png */ = {isa = PBXFileReference; lastKnownFileType = image.png; path = "music-s.png"; sourceTree = "<group>"; };
		E85A3E1D1BE1B28100AE5A45 /* music.png */ = {isa = PBXFileReference; lastKnownFileType = image.png; path = music.png; sourceTree = "<group>"; };
		E85A3E1E1BE1B28100AE5A45 /* musicalnote-s.png */ = {isa = PBXFileReference; lastKnownFileType = image.png; path = "musicalnote-s.png"; sourceTree = "<group>"; };
		E85A3E1F1BE1B28100AE5A45 /* musicalnote.png */ = {isa = PBXFileReference; lastKnownFileType = image.png; path = musicalnote.png; sourceTree = "<group>"; };
		E85A3E201BE1B28100AE5A45 /* pause.png */ = {isa = PBXFileReference; lastKnownFileType = image.png; path = pause.png; sourceTree = "<group>"; };
		E85A3E211BE1B28100AE5A45 /* pause_h.png */ = {isa = PBXFileReference; lastKnownFileType = image.png; path = pause_h.png; sourceTree = "<group>"; };
		E85A3E221BE1B28100AE5A45 /* place_holder.PNG */ = {isa = PBXFileReference; lastKnownFileType = image.png; path = place_holder.PNG; sourceTree = "<group>"; };
		E85A3E231BE1B28100AE5A45 /* play.png */ = {isa = PBXFileReference; lastKnownFileType = image.png; path = play.png; sourceTree = "<group>"; };
		E85A3E241BE1B28100AE5A45 /* play_h.png */ = {isa = PBXFileReference; lastKnownFileType = image.png; path = play_h.png; sourceTree = "<group>"; };
		E85A3E251BE1B28100AE5A45 /* rewind.png */ = {isa = PBXFileReference; lastKnownFileType = image.png; path = rewind.png; sourceTree = "<group>"; };
		E85A3E261BE1B28100AE5A45 /* rewind_h.png */ = {isa = PBXFileReference; lastKnownFileType = image.png; path = rewind_h.png; sourceTree = "<group>"; };
		E85A3E271BE1B28100AE5A45 /* shuffle-s.png */ = {isa = PBXFileReference; lastKnownFileType = image.png; path = "shuffle-s.png"; sourceTree = "<group>"; };
		E85A3E281BE1B28100AE5A45 /* shuffle.png */ = {isa = PBXFileReference; lastKnownFileType = image.png; path = shuffle.png; sourceTree = "<group>"; };
		E85A3E291BE1B28100AE5A45 /* singleloop-s.png */ = {isa = PBXFileReference; lastKnownFileType = image.png; path = "singleloop-s.png"; sourceTree = "<group>"; };
		E85A3E2A1BE1B28100AE5A45 /* singleloop.png */ = {isa = PBXFileReference; lastKnownFileType = image.png; path = singleloop.png; sourceTree = "<group>"; };
		E85A3E2B1BE1B28100AE5A45 /* thumb@2x.png */ = {isa = PBXFileReference; lastKnownFileType = image.png; path = "thumb@2x.png"; sourceTree = "<group>"; };
		E85A3E2C1BE1B28100AE5A45 /* thumb@3x.png */ = {isa = PBXFileReference; lastKnownFileType = image.png; path = "thumb@3x.png"; sourceTree = "<group>"; };
		E85A3E2D1BE1B28100AE5A45 /* volume_max.png */ = {isa = PBXFileReference; lastKnownFileType = image.png; path = volume_max.png; sourceTree = "<group>"; };
		E85A3E2E1BE1B28100AE5A45 /* volume_mute.png */ = {isa = PBXFileReference; lastKnownFileType = image.png; path = volume_mute.png; sourceTree = "<group>"; };
		E85A3E2F1BE1B28100AE5A45 /* volumehigh@2x.png */ = {isa = PBXFileReference; lastKnownFileType = image.png; path = "volumehigh@2x.png"; sourceTree = "<group>"; };
		E85A3E301BE1B28100AE5A45 /* volumehigh@3x.png */ = {isa = PBXFileReference; lastKnownFileType = image.png; path = "volumehigh@3x.png"; sourceTree = "<group>"; };
		E85A3E311BE1B28100AE5A45 /* volumelow@2x.png */ = {isa = PBXFileReference; lastKnownFileType = image.png; path = "volumelow@2x.png"; sourceTree = "<group>"; };
		E85A3E321BE1B28100AE5A45 /* volumelow@3x.png */ = {isa = PBXFileReference; lastKnownFileType = image.png; path = "volumelow@3x.png"; sourceTree = "<group>"; };
		E85A3E331BE1B28100AE5A45 /* volumn_slider_thumb@2x.png */ = {isa = PBXFileReference; lastKnownFileType = image.png; path = "volumn_slider_thumb@2x.png"; sourceTree = "<group>"; };
		E85A3E351BE1B28100AE5A45 /* MKAnnotationView+WebCache.h */ = {isa = PBXFileReference; fileEncoding = 4; lastKnownFileType = sourcecode.c.h; path = "MKAnnotationView+WebCache.h"; sourceTree = "<group>"; };
		E85A3E361BE1B28100AE5A45 /* MKAnnotationView+WebCache.m */ = {isa = PBXFileReference; fileEncoding = 4; lastKnownFileType = sourcecode.c.objc; path = "MKAnnotationView+WebCache.m"; sourceTree = "<group>"; };
		E85A3E371BE1B28100AE5A45 /* NSData+ImageContentType.h */ = {isa = PBXFileReference; fileEncoding = 4; lastKnownFileType = sourcecode.c.h; path = "NSData+ImageContentType.h"; sourceTree = "<group>"; };
		E85A3E381BE1B28100AE5A45 /* NSData+ImageContentType.m */ = {isa = PBXFileReference; fileEncoding = 4; lastKnownFileType = sourcecode.c.objc; path = "NSData+ImageContentType.m"; sourceTree = "<group>"; };
		E85A3E391BE1B28100AE5A45 /* SDImageCache.h */ = {isa = PBXFileReference; fileEncoding = 4; lastKnownFileType = sourcecode.c.h; path = SDImageCache.h; sourceTree = "<group>"; };
		E85A3E3A1BE1B28100AE5A45 /* SDImageCache.m */ = {isa = PBXFileReference; fileEncoding = 4; lastKnownFileType = sourcecode.c.objc; path = SDImageCache.m; sourceTree = "<group>"; };
		E85A3E3B1BE1B28100AE5A45 /* SDWebImageCompat.h */ = {isa = PBXFileReference; fileEncoding = 4; lastKnownFileType = sourcecode.c.h; path = SDWebImageCompat.h; sourceTree = "<group>"; };
		E85A3E3C1BE1B28100AE5A45 /* SDWebImageCompat.m */ = {isa = PBXFileReference; fileEncoding = 4; lastKnownFileType = sourcecode.c.objc; path = SDWebImageCompat.m; sourceTree = "<group>"; };
		E85A3E3D1BE1B28100AE5A45 /* SDWebImageDecoder.h */ = {isa = PBXFileReference; fileEncoding = 4; lastKnownFileType = sourcecode.c.h; path = SDWebImageDecoder.h; sourceTree = "<group>"; };
		E85A3E3E1BE1B28100AE5A45 /* SDWebImageDecoder.m */ = {isa = PBXFileReference; fileEncoding = 4; lastKnownFileType = sourcecode.c.objc; path = SDWebImageDecoder.m; sourceTree = "<group>"; };
		E85A3E3F1BE1B28100AE5A45 /* SDWebImageDownloader.h */ = {isa = PBXFileReference; fileEncoding = 4; lastKnownFileType = sourcecode.c.h; path = SDWebImageDownloader.h; sourceTree = "<group>"; };
		E85A3E401BE1B28100AE5A45 /* SDWebImageDownloader.m */ = {isa = PBXFileReference; fileEncoding = 4; lastKnownFileType = sourcecode.c.objc; path = SDWebImageDownloader.m; sourceTree = "<group>"; };
		E85A3E411BE1B28100AE5A45 /* SDWebImageDownloaderOperation.h */ = {isa = PBXFileReference; fileEncoding = 4; lastKnownFileType = sourcecode.c.h; path = SDWebImageDownloaderOperation.h; sourceTree = "<group>"; };
		E85A3E421BE1B28100AE5A45 /* SDWebImageDownloaderOperation.m */ = {isa = PBXFileReference; fileEncoding = 4; lastKnownFileType = sourcecode.c.objc; path = SDWebImageDownloaderOperation.m; sourceTree = "<group>"; };
		E85A3E431BE1B28100AE5A45 /* SDWebImageManager.h */ = {isa = PBXFileReference; fileEncoding = 4; lastKnownFileType = sourcecode.c.h; path = SDWebImageManager.h; sourceTree = "<group>"; };
		E85A3E441BE1B28100AE5A45 /* SDWebImageManager.m */ = {isa = PBXFileReference; fileEncoding = 4; lastKnownFileType = sourcecode.c.objc; path = SDWebImageManager.m; sourceTree = "<group>"; };
		E85A3E451BE1B28100AE5A45 /* SDWebImageOperation.h */ = {isa = PBXFileReference; fileEncoding = 4; lastKnownFileType = sourcecode.c.h; path = SDWebImageOperation.h; sourceTree = "<group>"; };
		E85A3E461BE1B28100AE5A45 /* SDWebImagePrefetcher.h */ = {isa = PBXFileReference; fileEncoding = 4; lastKnownFileType = sourcecode.c.h; path = SDWebImagePrefetcher.h; sourceTree = "<group>"; };
		E85A3E471BE1B28100AE5A45 /* SDWebImagePrefetcher.m */ = {isa = PBXFileReference; fileEncoding = 4; lastKnownFileType = sourcecode.c.objc; path = SDWebImagePrefetcher.m; sourceTree = "<group>"; };
		E85A3E481BE1B28100AE5A45 /* UIButton+WebCache.h */ = {isa = PBXFileReference; fileEncoding = 4; lastKnownFileType = sourcecode.c.h; path = "UIButton+WebCache.h"; sourceTree = "<group>"; };
		E85A3E491BE1B28100AE5A45 /* UIButton+WebCache.m */ = {isa = PBXFileReference; fileEncoding = 4; lastKnownFileType = sourcecode.c.objc; path = "UIButton+WebCache.m"; sourceTree = "<group>"; };
		E85A3E4A1BE1B28100AE5A45 /* UIImage+GIF.h */ = {isa = PBXFileReference; fileEncoding = 4; lastKnownFileType = sourcecode.c.h; path = "UIImage+GIF.h"; sourceTree = "<group>"; };
		E85A3E4B1BE1B28100AE5A45 /* UIImage+GIF.m */ = {isa = PBXFileReference; fileEncoding = 4; lastKnownFileType = sourcecode.c.objc; path = "UIImage+GIF.m"; sourceTree = "<group>"; };
		E85A3E4C1BE1B28100AE5A45 /* UIImage+MultiFormat.h */ = {isa = PBXFileReference; fileEncoding = 4; lastKnownFileType = sourcecode.c.h; path = "UIImage+MultiFormat.h"; sourceTree = "<group>"; };
		E85A3E4D1BE1B28100AE5A45 /* UIImage+MultiFormat.m */ = {isa = PBXFileReference; fileEncoding = 4; lastKnownFileType = sourcecode.c.objc; path = "UIImage+MultiFormat.m"; sourceTree = "<group>"; };
		E85A3E4E1BE1B28100AE5A45 /* UIImage+WebP.h */ = {isa = PBXFileReference; fileEncoding = 4; lastKnownFileType = sourcecode.c.h; path = "UIImage+WebP.h"; sourceTree = "<group>"; };
		E85A3E4F1BE1B28100AE5A45 /* UIImage+WebP.m */ = {isa = PBXFileReference; fileEncoding = 4; lastKnownFileType = sourcecode.c.objc; path = "UIImage+WebP.m"; sourceTree = "<group>"; };
		E85A3E501BE1B28100AE5A45 /* UIImageView+HighlightedWebCache.h */ = {isa = PBXFileReference; fileEncoding = 4; lastKnownFileType = sourcecode.c.h; path = "UIImageView+HighlightedWebCache.h"; sourceTree = "<group>"; };
		E85A3E511BE1B28100AE5A45 /* UIImageView+HighlightedWebCache.m */ = {isa = PBXFileReference; fileEncoding = 4; lastKnownFileType = sourcecode.c.objc; path = "UIImageView+HighlightedWebCache.m"; sourceTree = "<group>"; };
		E85A3E521BE1B28100AE5A45 /* UIImageView+WebCache.h */ = {isa = PBXFileReference; fileEncoding = 4; lastKnownFileType = sourcecode.c.h; path = "UIImageView+WebCache.h"; sourceTree = "<group>"; };
		E85A3E531BE1B28100AE5A45 /* UIImageView+WebCache.m */ = {isa = PBXFileReference; fileEncoding = 4; lastKnownFileType = sourcecode.c.objc; path = "UIImageView+WebCache.m"; sourceTree = "<group>"; };
		E85A3E541BE1B28100AE5A45 /* UIView+WebCacheOperation.h */ = {isa = PBXFileReference; fileEncoding = 4; lastKnownFileType = sourcecode.c.h; path = "UIView+WebCacheOperation.h"; sourceTree = "<group>"; };
		E85A3E551BE1B28100AE5A45 /* UIView+WebCacheOperation.m */ = {isa = PBXFileReference; fileEncoding = 4; lastKnownFileType = sourcecode.c.objc; path = "UIView+WebCacheOperation.m"; sourceTree = "<group>"; };
		E85A3E8C1BE1BF2000AE5A45 /* MusicListTableViewController.h */ = {isa = PBXFileReference; fileEncoding = 4; lastKnownFileType = sourcecode.c.h; path = MusicListTableViewController.h; sourceTree = "<group>"; };
		E85A3E8D1BE1BF2000AE5A45 /* MusicListTableViewController.m */ = {isa = PBXFileReference; fileEncoding = 4; lastKnownFileType = sourcecode.c.objc; path = MusicListTableViewController.m; sourceTree = "<group>"; };
		E8DADAC31BEA5418009235B5 /* Furious7.jpg */ = {isa = PBXFileReference; lastKnownFileType = image.jpeg; name = Furious7.jpg; path = ../Furious7.jpg; sourceTree = "<group>"; };
		E8DCCA251BE6F54000D7C3EB /* HL Player.h */ = {isa = PBXFileReference; fileEncoding = 4; lastKnownFileType = sourcecode.c.h; path = "HL Player.h"; sourceTree = "<group>"; };
		E8DCCA261BE6F54000D7C3EB /* HL Player.m */ = {isa = PBXFileReference; fileEncoding = 4; lastKnownFileType = sourcecode.c.objc; path = "HL Player.m"; sourceTree = "<group>"; };
		E8DCCA2D1BE845EF00D7C3EB /* LyricModel.h */ = {isa = PBXFileReference; fileEncoding = 4; lastKnownFileType = sourcecode.c.h; path = LyricModel.h; sourceTree = "<group>"; };
		E8DCCA2E1BE845EF00D7C3EB /* LyricModel.m */ = {isa = PBXFileReference; fileEncoding = 4; lastKnownFileType = sourcecode.c.objc; path = LyricModel.m; sourceTree = "<group>"; };
		E8DCCA301BE847B700D7C3EB /* LyricHelper.h */ = {isa = PBXFileReference; fileEncoding = 4; lastKnownFileType = sourcecode.c.h; path = LyricHelper.h; sourceTree = "<group>"; };
		E8DCCA311BE847B700D7C3EB /* LyricHelper.m */ = {isa = PBXFileReference; fileEncoding = 4; lastKnownFileType = sourcecode.c.objc; path = LyricHelper.m; sourceTree = "<group>"; };
/* End PBXFileReference section */

/* Begin PBXFrameworksBuildPhase section */
		E84261F51BE072C500770213 /* Frameworks */ = {
			isa = PBXFrameworksBuildPhase;
			buildActionMask = 2147483647;
			files = (
			);
			runOnlyForDeploymentPostprocessing = 0;
		};
		E842620E1BE072C500770213 /* Frameworks */ = {
			isa = PBXFrameworksBuildPhase;
			buildActionMask = 2147483647;
			files = (
			);
			runOnlyForDeploymentPostprocessing = 0;
		};
		E84262191BE072C500770213 /* Frameworks */ = {
			isa = PBXFrameworksBuildPhase;
			buildActionMask = 2147483647;
			files = (
			);
			runOnlyForDeploymentPostprocessing = 0;
		};
/* End PBXFrameworksBuildPhase section */

/* Begin PBXGroup section */
		E84261EF1BE072C500770213 = {
			isa = PBXGroup;
			children = (
				E84261FA1BE072C500770213 /* 项目_音乐播放器 */,
				E84262141BE072C500770213 /* 项目_音乐播放器Tests */,
				E842621F1BE072C500770213 /* 项目_音乐播放器UITests */,
				E84261F91BE072C500770213 /* Products */,
			);
			sourceTree = "<group>";
		};
		E84261F91BE072C500770213 /* Products */ = {
			isa = PBXGroup;
			children = (
				E84261F81BE072C500770213 /* 项目_音乐播放器.app */,
				E84262111BE072C500770213 /* 项目_音乐播放器Tests.xctest */,
				E842621C1BE072C500770213 /* 项目_音乐播放器UITests.xctest */,
			);
			name = Products;
			sourceTree = "<group>";
		};
		E84261FA1BE072C500770213 /* 项目_音乐播放器 */ = {
			isa = PBXGroup;
			children = (
				E85A3E881BE1B2C700AE5A45 /* App */,
				E85A3E871BE1B2BB00AE5A45 /* tools */,
				E85A3E861BE1B29700AE5A45 /* Controller */,
				E85A3E851BE1B29000AE5A45 /* Model */,
				E85A3E841BE1B28700AE5A45 /* View */,
				E85A3E151BE1B28100AE5A45 /* Resources */,
				E85A3E341BE1B28100AE5A45 /* SDWebImage */,
				E84261FB1BE072C500770213 /* Supporting Files */,
			);
			path = "项目_音乐播放器";
			sourceTree = "<group>";
		};
		E84261FB1BE072C500770213 /* Supporting Files */ = {
			isa = PBXGroup;
			children = (
				E84261FC1BE072C500770213 /* main.m */,
			);
			name = "Supporting Files";
			sourceTree = "<group>";
		};
		E84262141BE072C500770213 /* 项目_音乐播放器Tests */ = {
			isa = PBXGroup;
			children = (
				E84262151BE072C500770213 /* ________Tests.m */,
				E84262171BE072C500770213 /* Info.plist */,
			);
			path = "项目_音乐播放器Tests";
			sourceTree = "<group>";
		};
		E842621F1BE072C500770213 /* 项目_音乐播放器UITests */ = {
			isa = PBXGroup;
			children = (
				E84262201BE072C500770213 /* ________UITests.m */,
				E84262221BE072C500770213 /* Info.plist */,
			);
			path = "项目_音乐播放器UITests";
			sourceTree = "<group>";
		};
		E85A3E151BE1B28100AE5A45 /* Resources */ = {
			isa = PBXGroup;
			children = (
				E8DADAC31BEA5418009235B5 /* Furious7.jpg */,
				E85A3E161BE1B28100AE5A45 /* arrowdown.png */,
				E85A3E171BE1B28100AE5A45 /* background640*1136@2x.jpg */,
				E85A3E181BE1B28100AE5A45 /* forward.png */,
				E85A3E191BE1B28100AE5A45 /* forward_h.png */,
				E85A3E1A1BE1B28100AE5A45 /* loop-s.png */,
				E85A3E1B1BE1B28100AE5A45 /* loop.png */,
				E85A3E1C1BE1B28100AE5A45 /* music-s.png */,
				E85A3E1D1BE1B28100AE5A45 /* music.png */,
				E85A3E1E1BE1B28100AE5A45 /* musicalnote-s.png */,
				E85A3E1F1BE1B28100AE5A45 /* musicalnote.png */,
				E85A3E201BE1B28100AE5A45 /* pause.png */,
				E85A3E211BE1B28100AE5A45 /* pause_h.png */,
				E85A3E221BE1B28100AE5A45 /* place_holder.PNG */,
				E85A3E231BE1B28100AE5A45 /* play.png */,
				E85A3E241BE1B28100AE5A45 /* play_h.png */,
				E85A3E251BE1B28100AE5A45 /* rewind.png */,
				E85A3E261BE1B28100AE5A45 /* rewind_h.png */,
				E85A3E271BE1B28100AE5A45 /* shuffle-s.png */,
				E85A3E281BE1B28100AE5A45 /* shuffle.png */,
				E85A3E291BE1B28100AE5A45 /* singleloop-s.png */,
				E85A3E2A1BE1B28100AE5A45 /* singleloop.png */,
				E85A3E2B1BE1B28100AE5A45 /* thumb@2x.png */,
				E85A3E2C1BE1B28100AE5A45 /* thumb@3x.png */,
				E85A3E2D1BE1B28100AE5A45 /* volume_max.png */,
				E85A3E2E1BE1B28100AE5A45 /* volume_mute.png */,
				E85A3E2F1BE1B28100AE5A45 /* volumehigh@2x.png */,
				E85A3E301BE1B28100AE5A45 /* volumehigh@3x.png */,
				E85A3E311BE1B28100AE5A45 /* volumelow@2x.png */,
				E85A3E321BE1B28100AE5A45 /* volumelow@3x.png */,
				E85A3E331BE1B28100AE5A45 /* volumn_slider_thumb@2x.png */,
			);
			path = Resources;
			sourceTree = "<group>";
		};
		E85A3E341BE1B28100AE5A45 /* SDWebImage */ = {
			isa = PBXGroup;
			children = (
				E85A3E351BE1B28100AE5A45 /* MKAnnotationView+WebCache.h */,
				E85A3E361BE1B28100AE5A45 /* MKAnnotationView+WebCache.m */,
				E85A3E371BE1B28100AE5A45 /* NSData+ImageContentType.h */,
				E85A3E381BE1B28100AE5A45 /* NSData+ImageContentType.m */,
				E85A3E391BE1B28100AE5A45 /* SDImageCache.h */,
				E85A3E3A1BE1B28100AE5A45 /* SDImageCache.m */,
				E85A3E3B1BE1B28100AE5A45 /* SDWebImageCompat.h */,
				E85A3E3C1BE1B28100AE5A45 /* SDWebImageCompat.m */,
				E85A3E3D1BE1B28100AE5A45 /* SDWebImageDecoder.h */,
				E85A3E3E1BE1B28100AE5A45 /* SDWebImageDecoder.m */,
				E85A3E3F1BE1B28100AE5A45 /* SDWebImageDownloader.h */,
				E85A3E401BE1B28100AE5A45 /* SDWebImageDownloader.m */,
				E85A3E411BE1B28100AE5A45 /* SDWebImageDownloaderOperation.h */,
				E85A3E421BE1B28100AE5A45 /* SDWebImageDownloaderOperation.m */,
				E85A3E431BE1B28100AE5A45 /* SDWebImageManager.h */,
				E85A3E441BE1B28100AE5A45 /* SDWebImageManager.m */,
				E85A3E451BE1B28100AE5A45 /* SDWebImageOperation.h */,
				E85A3E461BE1B28100AE5A45 /* SDWebImagePrefetcher.h */,
				E85A3E471BE1B28100AE5A45 /* SDWebImagePrefetcher.m */,
				E85A3E481BE1B28100AE5A45 /* UIButton+WebCache.h */,
				E85A3E491BE1B28100AE5A45 /* UIButton+WebCache.m */,
				E85A3E4A1BE1B28100AE5A45 /* UIImage+GIF.h */,
				E85A3E4B1BE1B28100AE5A45 /* UIImage+GIF.m */,
				E85A3E4C1BE1B28100AE5A45 /* UIImage+MultiFormat.h */,
				E85A3E4D1BE1B28100AE5A45 /* UIImage+MultiFormat.m */,
				E85A3E4E1BE1B28100AE5A45 /* UIImage+WebP.h */,
				E85A3E4F1BE1B28100AE5A45 /* UIImage+WebP.m */,
				E85A3E501BE1B28100AE5A45 /* UIImageView+HighlightedWebCache.h */,
				E85A3E511BE1B28100AE5A45 /* UIImageView+HighlightedWebCache.m */,
				E85A3E521BE1B28100AE5A45 /* UIImageView+WebCache.h */,
				E85A3E531BE1B28100AE5A45 /* UIImageView+WebCache.m */,
				E85A3E541BE1B28100AE5A45 /* UIView+WebCacheOperation.h */,
				E85A3E551BE1B28100AE5A45 /* UIView+WebCacheOperation.m */,
			);
			path = SDWebImage;
			sourceTree = "<group>";
		};
		E85A3E841BE1B28700AE5A45 /* View */ = {
			isa = PBXGroup;
			children = (
				E83A110A1BE2125D00C329CD /* MusicTableViewCell.h */,
				E83A110B1BE2125D00C329CD /* MusicTableViewCell.m */,
			);
			name = View;
			sourceTree = "<group>";
		};
		E85A3E851BE1B29000AE5A45 /* Model */ = {
			isa = PBXGroup;
			children = (
				E83A11071BE1CEA000C329CD /* MusicModel.h */,
				E83A11081BE1CEA000C329CD /* MusicModel.m */,
				E8DCCA2D1BE845EF00D7C3EB /* LyricModel.h */,
				E8DCCA2E1BE845EF00D7C3EB /* LyricModel.m */,
			);
			name = Model;
			sourceTree = "<group>";
		};
		E85A3E861BE1B29700AE5A45 /* Controller */ = {
			isa = PBXGroup;
			children = (
				E85A3E8C1BE1BF2000AE5A45 /* MusicListTableViewController.h */,
				E85A3E8D1BE1BF2000AE5A45 /* MusicListTableViewController.m */,
				E83A111A1BE2FC1B00C329CD /* MusicPlayTableViewController.h */,
				E83A111B1BE2FC1B00C329CD /* MusicPlayTableViewController.m */,
			);
			name = Controller;
			sourceTree = "<group>";
		};
		E85A3E871BE1B2BB00AE5A45 /* tools */ = {
			isa = PBXGroup;
			children = (
				E83A11041BE1C68300C329CD /* MusicalInfoManager.h */,
				E83A11051BE1C68300C329CD /* MusicalInfoManager.m */,
				E8DCCA251BE6F54000D7C3EB /* HL Player.h */,
				E8DCCA261BE6F54000D7C3EB /* HL Player.m */,
				E8DCCA301BE847B700D7C3EB /* LyricHelper.h */,
				E8DCCA311BE847B700D7C3EB /* LyricHelper.m */,
			);
			name = tools;
			sourceTree = "<group>";
		};
		E85A3E881BE1B2C700AE5A45 /* App */ = {
			isa = PBXGroup;
			children = (
				E84261FE1BE072C500770213 /* AppDelegate.h */,
				E84261FF1BE072C500770213 /* AppDelegate.m */,
				E84262041BE072C500770213 /* Main.storyboard */,
				E84262071BE072C500770213 /* Assets.xcassets */,
				E84262091BE072C500770213 /* LaunchScreen.storyboard */,
				E842620C1BE072C500770213 /* Info.plist */,
			);
			name = App;
			sourceTree = "<group>";
		};
/* End PBXGroup section */

/* Begin PBXNativeTarget section */
		E84261F71BE072C500770213 /* 项目_音乐播放器 */ = {
			isa = PBXNativeTarget;
			buildConfigurationList = E84262251BE072C500770213 /* Build configuration list for PBXNativeTarget "项目_音乐播放器" */;
			buildPhases = (
				E84261F41BE072C500770213 /* Sources */,
				E84261F51BE072C500770213 /* Frameworks */,
				E84261F61BE072C500770213 /* Resources */,
			);
			buildRules = (
			);
			dependencies = (
			);
			name = "项目_音乐播放器";
			productName = "项目_音乐播放器";
			productReference = E84261F81BE072C500770213 /* 项目_音乐播放器.app */;
			productType = "com.apple.product-type.application";
		};
		E84262101BE072C500770213 /* 项目_音乐播放器Tests */ = {
			isa = PBXNativeTarget;
			buildConfigurationList = E84262281BE072C500770213 /* Build configuration list for PBXNativeTarget "项目_音乐播放器Tests" */;
			buildPhases = (
				E842620D1BE072C500770213 /* Sources */,
				E842620E1BE072C500770213 /* Frameworks */,
				E842620F1BE072C500770213 /* Resources */,
			);
			buildRules = (
			);
			dependencies = (
				E84262131BE072C500770213 /* PBXTargetDependency */,
			);
			name = "项目_音乐播放器Tests";
			productName = "项目_音乐播放器Tests";
			productReference = E84262111BE072C500770213 /* 项目_音乐播放器Tests.xctest */;
			productType = "com.apple.product-type.bundle.unit-test";
		};
		E842621B1BE072C500770213 /* 项目_音乐播放器UITests */ = {
			isa = PBXNativeTarget;
			buildConfigurationList = E842622B1BE072C500770213 /* Build configuration list for PBXNativeTarget "项目_音乐播放器UITests" */;
			buildPhases = (
				E84262181BE072C500770213 /* Sources */,
				E84262191BE072C500770213 /* Frameworks */,
				E842621A1BE072C500770213 /* Resources */,
			);
			buildRules = (
			);
			dependencies = (
				E842621E1BE072C500770213 /* PBXTargetDependency */,
			);
			name = "项目_音乐播放器UITests";
			productName = "项目_音乐播放器UITests";
			productReference = E842621C1BE072C500770213 /* 项目_音乐播放器UITests.xctest */;
			productType = "com.apple.product-type.bundle.ui-testing";
		};
/* End PBXNativeTarget section */

/* Begin PBXProject section */
		E84261F01BE072C500770213 /* Project object */ = {
			isa = PBXProject;
			attributes = {
				LastUpgradeCheck = 0710;
				ORGANIZATIONNAME = LiGuoHao;
				TargetAttributes = {
					E84261F71BE072C500770213 = {
						CreatedOnToolsVersion = 7.1;
						DevelopmentTeam = 6CQ995USPT;
					};
					E84262101BE072C500770213 = {
						CreatedOnToolsVersion = 7.1;
						DevelopmentTeam = 6CQ995USPT;
						TestTargetID = E84261F71BE072C500770213;
					};
					E842621B1BE072C500770213 = {
						CreatedOnToolsVersion = 7.1;
						DevelopmentTeam = 6CQ995USPT;
						TestTargetID = E84261F71BE072C500770213;
					};
				};
			};
			buildConfigurationList = E84261F31BE072C500770213 /* Build configuration list for PBXProject "项目_音乐播放器" */;
			compatibilityVersion = "Xcode 3.2";
			developmentRegion = English;
			hasScannedForEncodings = 0;
			knownRegions = (
				en,
				Base,
			);
			mainGroup = E84261EF1BE072C500770213;
			productRefGroup = E84261F91BE072C500770213 /* Products */;
			projectDirPath = "";
			projectRoot = "";
			targets = (
				E84261F71BE072C500770213 /* 项目_音乐播放器 */,
				E84262101BE072C500770213 /* 项目_音乐播放器Tests */,
				E842621B1BE072C500770213 /* 项目_音乐播放器UITests */,
			);
		};
/* End PBXProject section */

/* Begin PBXResourcesBuildPhase section */
		E84261F61BE072C500770213 /* Resources */ = {
			isa = PBXResourcesBuildPhase;
			buildActionMask = 2147483647;
			files = (
				E85A3E641BE1B28100AE5A45 /* play_h.png in Resources */,
				E85A3E691BE1B28100AE5A45 /* singleloop-s.png in Resources */,
				E85A3E6C1BE1B28100AE5A45 /* thumb@3x.png in Resources */,
				E842620B1BE072C500770213 /* LaunchScreen.storyboard in Resources */,
				E85A3E631BE1B28100AE5A45 /* play.png in Resources */,
				E8DADAC41BEA5418009235B5 /* Furious7.jpg in Resources */,
				E85A3E5F1BE1B28100AE5A45 /* musicalnote.png in Resources */,
				E85A3E6D1BE1B28100AE5A45 /* volume_max.png in Resources */,
				E85A3E5C1BE1B28100AE5A45 /* music-s.png in Resources */,
				E85A3E681BE1B28100AE5A45 /* shuffle.png in Resources */,
				E84262081BE072C500770213 /* Assets.xcassets in Resources */,
				E85A3E6B1BE1B28100AE5A45 /* thumb@2x.png in Resources */,
				E85A3E5B1BE1B28100AE5A45 /* loop.png in Resources */,
				E85A3E6E1BE1B28100AE5A45 /* volume_mute.png in Resources */,
				E85A3E661BE1B28100AE5A45 /* rewind_h.png in Resources */,
				E85A3E621BE1B28100AE5A45 /* place_holder.PNG in Resources */,
				E85A3E5E1BE1B28100AE5A45 /* musicalnote-s.png in Resources */,
				E85A3E651BE1B28100AE5A45 /* rewind.png in Resources */,
				E85A3E6A1BE1B28100AE5A45 /* singleloop.png in Resources */,
				E85A3E571BE1B28100AE5A45 /* background640*1136@2x.jpg in Resources */,
				E85A3E6F1BE1B28100AE5A45 /* volumehigh@2x.png in Resources */,
				E85A3E5D1BE1B28100AE5A45 /* music.png in Resources */,
				E85A3E581BE1B28100AE5A45 /* forward.png in Resources */,
				E85A3E611BE1B28100AE5A45 /* pause_h.png in Resources */,
				E84262061BE072C500770213 /* Main.storyboard in Resources */,
				E85A3E731BE1B28100AE5A45 /* volumn_slider_thumb@2x.png in Resources */,
				E85A3E721BE1B28100AE5A45 /* volumelow@3x.png in Resources */,
				E85A3E711BE1B28100AE5A45 /* volumelow@2x.png in Resources */,
				E85A3E601BE1B28100AE5A45 /* pause.png in Resources */,
				E85A3E701BE1B28100AE5A45 /* volumehigh@3x.png in Resources */,
				E85A3E561BE1B28100AE5A45 /* arrowdown.png in Resources */,
				E85A3E591BE1B28100AE5A45 /* forward_h.png in Resources */,
				E85A3E5A1BE1B28100AE5A45 /* loop-s.png in Resources */,
				E85A3E671BE1B28100AE5A45 /* shuffle-s.png in Resources */,
			);
			runOnlyForDeploymentPostprocessing = 0;
		};
		E842620F1BE072C500770213 /* Resources */ = {
			isa = PBXResourcesBuildPhase;
			buildActionMask = 2147483647;
			files = (
			);
			runOnlyForDeploymentPostprocessing = 0;
		};
		E842621A1BE072C500770213 /* Resources */ = {
			isa = PBXResourcesBuildPhase;
			buildActionMask = 2147483647;
			files = (
			);
			runOnlyForDeploymentPostprocessing = 0;
		};
/* End PBXResourcesBuildPhase section */

/* Begin PBXSourcesBuildPhase section */
		E84261F41BE072C500770213 /* Sources */ = {
			isa = PBXSourcesBuildPhase;
			buildActionMask = 2147483647;
			files = (
				E85A3E7E1BE1B28100AE5A45 /* UIImage+GIF.m in Sources */,
				E85A3E791BE1B28100AE5A45 /* SDWebImageDownloader.m in Sources */,
				E85A3E811BE1B28100AE5A45 /* UIImageView+HighlightedWebCache.m in Sources */,
				E85A3E7D1BE1B28100AE5A45 /* UIButton+WebCache.m in Sources */,
				E83A11061BE1C68300C329CD /* MusicalInfoManager.m in Sources */,
				E85A3E821BE1B28100AE5A45 /* UIImageView+WebCache.m in Sources */,
				E85A3E781BE1B28100AE5A45 /* SDWebImageDecoder.m in Sources */,
				E84262001BE072C500770213 /* AppDelegate.m in Sources */,
				E85A3E771BE1B28100AE5A45 /* SDWebImageCompat.m in Sources */,
				E8DCCA321BE847B700D7C3EB /* LyricHelper.m in Sources */,
				E83A111C1BE2FC1B00C329CD /* MusicPlayTableViewController.m in Sources */,
				E84261FD1BE072C500770213 /* main.m in Sources */,
				E83A11091BE1CEA000C329CD /* MusicModel.m in Sources */,
				E83A110C1BE2125D00C329CD /* MusicTableViewCell.m in Sources */,
				E85A3E801BE1B28100AE5A45 /* UIImage+WebP.m in Sources */,
				E85A3E751BE1B28100AE5A45 /* NSData+ImageContentType.m in Sources */,
				E85A3E7A1BE1B28100AE5A45 /* SDWebImageDownloaderOperation.m in Sources */,
				E85A3E7B1BE1B28100AE5A45 /* SDWebImageManager.m in Sources */,
				E85A3E8E1BE1BF2000AE5A45 /* MusicListTableViewController.m in Sources */,
				E85A3E7F1BE1B28100AE5A45 /* UIImage+MultiFormat.m in Sources */,
				E85A3E7C1BE1B28100AE5A45 /* SDWebImagePrefetcher.m in Sources */,
				E85A3E741BE1B28100AE5A45 /* MKAnnotationView+WebCache.m in Sources */,
				E85A3E831BE1B28100AE5A45 /* UIView+WebCacheOperation.m in Sources */,
				E85A3E761BE1B28100AE5A45 /* SDImageCache.m in Sources */,
				E8DCCA271BE6F54000D7C3EB /* HL Player.m in Sources */,
				E8DCCA2F1BE845EF00D7C3EB /* LyricModel.m in Sources */,
			);
			runOnlyForDeploymentPostprocessing = 0;
		};
		E842620D1BE072C500770213 /* Sources */ = {
			isa = PBXSourcesBuildPhase;
			buildActionMask = 2147483647;
			files = (
				E84262161BE072C500770213 /* ________Tests.m in Sources */,
			);
			runOnlyForDeploymentPostprocessing = 0;
		};
		E84262181BE072C500770213 /* Sources */ = {
			isa = PBXSourcesBuildPhase;
			buildActionMask = 2147483647;
			files = (
				E84262211BE072C500770213 /* ________UITests.m in Sources */,
			);
			runOnlyForDeploymentPostprocessing = 0;
		};
/* End PBXSourcesBuildPhase section */

/* Begin PBXTargetDependency section */
		E84262131BE072C500770213 /* PBXTargetDependency */ = {
			isa = PBXTargetDependency;
			target = E84261F71BE072C500770213 /* 项目_音乐播放器 */;
			targetProxy = E84262121BE072C500770213 /* PBXContainerItemProxy */;
		};
		E842621E1BE072C500770213 /* PBXTargetDependency */ = {
			isa = PBXTargetDependency;
			target = E84261F71BE072C500770213 /* 项目_音乐播放器 */;
			targetProxy = E842621D1BE072C500770213 /* PBXContainerItemProxy */;
		};
/* End PBXTargetDependency section */

/* Begin PBXVariantGroup section */
		E84262041BE072C500770213 /* Main.storyboard */ = {
			isa = PBXVariantGroup;
			children = (
				E84262051BE072C500770213 /* Base */,
			);
			name = Main.storyboard;
			sourceTree = "<group>";
		};
		E84262091BE072C500770213 /* LaunchScreen.storyboard */ = {
			isa = PBXVariantGroup;
			children = (
				E842620A1BE072C500770213 /* Base */,
			);
			name = LaunchScreen.storyboard;
			sourceTree = "<group>";
		};
/* End PBXVariantGroup section */

/* Begin XCBuildConfiguration section */
		E84262231BE072C500770213 /* Debug */ = {
			isa = XCBuildConfiguration;
			buildSettings = {
				ALWAYS_SEARCH_USER_PATHS = NO;
				CLANG_CXX_LANGUAGE_STANDARD = "gnu++0x";
				CLANG_CXX_LIBRARY = "libc++";
				CLANG_ENABLE_MODULES = YES;
				CLANG_ENABLE_OBJC_ARC = YES;
				CLANG_WARN_BOOL_CONVERSION = YES;
				CLANG_WARN_CONSTANT_CONVERSION = YES;
				CLANG_WARN_DIRECT_OBJC_ISA_USAGE = YES_ERROR;
				CLANG_WARN_EMPTY_BODY = YES;
				CLANG_WARN_ENUM_CONVERSION = YES;
				CLANG_WARN_INT_CONVERSION = YES;
				CLANG_WARN_OBJC_ROOT_CLASS = YES_ERROR;
				CLANG_WARN_UNREACHABLE_CODE = YES;
				CLANG_WARN__DUPLICATE_METHOD_MATCH = YES;
				"CODE_SIGN_IDENTITY[sdk=iphoneos*]" = "iPhone Developer";
				COPY_PHASE_STRIP = NO;
				DEBUG_INFORMATION_FORMAT = dwarf;
				ENABLE_STRICT_OBJC_MSGSEND = YES;
				ENABLE_TESTABILITY = YES;
				GCC_C_LANGUAGE_STANDARD = gnu99;
				GCC_DYNAMIC_NO_PIC = NO;
				GCC_NO_COMMON_BLOCKS = YES;
				GCC_OPTIMIZATION_LEVEL = 0;
				GCC_PREPROCESSOR_DEFINITIONS = (
					"DEBUG=1",
					"$(inherited)",
				);
				GCC_WARN_64_TO_32_BIT_CONVERSION = YES;
				GCC_WARN_ABOUT_RETURN_TYPE = YES_ERROR;
				GCC_WARN_UNDECLARED_SELECTOR = YES;
				GCC_WARN_UNINITIALIZED_AUTOS = YES_AGGRESSIVE;
				GCC_WARN_UNUSED_FUNCTION = YES;
				GCC_WARN_UNUSED_VARIABLE = YES;
				IPHONEOS_DEPLOYMENT_TARGET = 9.1;
				MTL_ENABLE_DEBUG_INFO = YES;
				ONLY_ACTIVE_ARCH = YES;
				SDKROOT = iphoneos;
				TARGETED_DEVICE_FAMILY = "1,2";
			};
			name = Debug;
		};
		E84262241BE072C500770213 /* Release */ = {
			isa = XCBuildConfiguration;
			buildSettings = {
				ALWAYS_SEARCH_USER_PATHS = NO;
				CLANG_CXX_LANGUAGE_STANDARD = "gnu++0x";
				CLANG_CXX_LIBRARY = "libc++";
				CLANG_ENABLE_MODULES = YES;
				CLANG_ENABLE_OBJC_ARC = YES;
				CLANG_WARN_BOOL_CONVERSION = YES;
				CLANG_WARN_CONSTANT_CONVERSION = YES;
				CLANG_WARN_DIRECT_OBJC_ISA_USAGE = YES_ERROR;
				CLANG_WARN_EMPTY_BODY = YES;
				CLANG_WARN_ENUM_CONVERSION = YES;
				CLANG_WARN_INT_CONVERSION = YES;
				CLANG_WARN_OBJC_ROOT_CLASS = YES_ERROR;
				CLANG_WARN_UNREACHABLE_CODE = YES;
				CLANG_WARN__DUPLICATE_METHOD_MATCH = YES;
				"CODE_SIGN_IDENTITY[sdk=iphoneos*]" = "iPhone Developer";
				COPY_PHASE_STRIP = NO;
				DEBUG_INFORMATION_FORMAT = "dwarf-with-dsym";
				ENABLE_NS_ASSERTIONS = NO;
				ENABLE_STRICT_OBJC_MSGSEND = YES;
				GCC_C_LANGUAGE_STANDARD = gnu99;
				GCC_NO_COMMON_BLOCKS = YES;
				GCC_WARN_64_TO_32_BIT_CONVERSION = YES;
				GCC_WARN_ABOUT_RETURN_TYPE = YES_ERROR;
				GCC_WARN_UNDECLARED_SELECTOR = YES;
				GCC_WARN_UNINITIALIZED_AUTOS = YES_AGGRESSIVE;
				GCC_WARN_UNUSED_FUNCTION = YES;
				GCC_WARN_UNUSED_VARIABLE = YES;
				IPHONEOS_DEPLOYMENT_TARGET = 9.1;
				MTL_ENABLE_DEBUG_INFO = NO;
				SDKROOT = iphoneos;
				TARGETED_DEVICE_FAMILY = "1,2";
				VALIDATE_PRODUCT = YES;
			};
			name = Release;
		};
		E84262261BE072C500770213 /* Debug */ = {
			isa = XCBuildConfiguration;
			buildSettings = {
				ASSETCATALOG_COMPILER_APPICON_NAME = AppIcon;
				ASSETCATALOG_COMPILER_LAUNCHIMAGE_NAME = "Brand Assets";
				INFOPLIST_FILE = "项目_音乐播放器/Info.plist";
				LD_RUNPATH_SEARCH_PATHS = "$(inherited) @executable_path/Frameworks";
				PRODUCT_BUNDLE_IDENTIFIER = "iiii.--------";
				PRODUCT_NAME = "$(TARGET_NAME)";
			};
			name = Debug;
		};
		E84262271BE072C500770213 /* Release */ = {
			isa = XCBuildConfiguration;
			buildSettings = {
				ASSETCATALOG_COMPILER_APPICON_NAME = AppIcon;
				ASSETCATALOG_COMPILER_LAUNCHIMAGE_NAME = "Brand Assets";
				INFOPLIST_FILE = "项目_音乐播放器/Info.plist";
				LD_RUNPATH_SEARCH_PATHS = "$(inherited) @executable_path/Frameworks";
				PRODUCT_BUNDLE_IDENTIFIER = "iiii.--------";
				PRODUCT_NAME = "$(TARGET_NAME)";
			};
			name = Release;
		};
		E84262291BE072C500770213 /* Debug */ = {
			isa = XCBuildConfiguration;
			buildSettings = {
				BUNDLE_LOADER = "$(TEST_HOST)";
				INFOPLIST_FILE = "项目_音乐播放器Tests/Info.plist";
				LD_RUNPATH_SEARCH_PATHS = "$(inherited) @executable_path/Frameworks @loader_path/Frameworks";
				PRODUCT_BUNDLE_IDENTIFIER = "iiii.--------Tests";
				PRODUCT_NAME = "$(TARGET_NAME)";
				TEST_HOST = "$(BUILT_PRODUCTS_DIR)/项目_音乐播放器.app/项目_音乐播放器";
			};
			name = Debug;
		};
		E842622A1BE072C500770213 /* Release */ = {
			isa = XCBuildConfiguration;
			buildSettings = {
				BUNDLE_LOADER = "$(TEST_HOST)";
				INFOPLIST_FILE = "项目_音乐播放器Tests/Info.plist";
				LD_RUNPATH_SEARCH_PATHS = "$(inherited) @executable_path/Frameworks @loader_path/Frameworks";
				PRODUCT_BUNDLE_IDENTIFIER = "iiii.--------Tests";
				PRODUCT_NAME = "$(TARGET_NAME)";
				TEST_HOST = "$(BUILT_PRODUCTS_DIR)/项目_音乐播放器.app/项目_音乐播放器";
			};
			name = Release;
		};
		E842622C1BE072C500770213 /* Debug */ = {
			isa = XCBuildConfiguration;
			buildSettings = {
				INFOPLIST_FILE = "项目_音乐播放器UITests/Info.plist";
				LD_RUNPATH_SEARCH_PATHS = "$(inherited) @executable_path/Frameworks @loader_path/Frameworks";
				PRODUCT_BUNDLE_IDENTIFIER = "iiii.--------UITests";
				PRODUCT_NAME = "$(TARGET_NAME)";
				TEST_TARGET_NAME = "项目_音乐播放器";
				USES_XCTRUNNER = YES;
			};
			name = Debug;
		};
		E842622D1BE072C500770213 /* Release */ = {
			isa = XCBuildConfiguration;
			buildSettings = {
				INFOPLIST_FILE = "项目_音乐播放器UITests/Info.plist";
				LD_RUNPATH_SEARCH_PATHS = "$(inherited) @executable_path/Frameworks @loader_path/Frameworks";
				PRODUCT_BUNDLE_IDENTIFIER = "iiii.--------UITests";
				PRODUCT_NAME = "$(TARGET_NAME)";
				TEST_TARGET_NAME = "项目_音乐播放器";
				USES_XCTRUNNER = YES;
			};
			name = Release;
		};
/* End XCBuildConfiguration section */

/* Begin XCConfigurationList section */
		E84261F31BE072C500770213 /* Build configuration list for PBXProject "项目_音乐播放器" */ = {
			isa = XCConfigurationList;
			buildConfigurations = (
				E84262231BE072C500770213 /* Debug */,
				E84262241BE072C500770213 /* Release */,
			);
			defaultConfigurationIsVisible = 0;
			defaultConfigurationName = Release;
		};
		E84262251BE072C500770213 /* Build configuration list for PBXNativeTarget "项目_音乐播放器" */ = {
			isa = XCConfigurationList;
			buildConfigurations = (
				E84262261BE072C500770213 /* Debug */,
				E84262271BE072C500770213 /* Release */,
			);
			defaultConfigurationIsVisible = 0;
			defaultConfigurationName = Release;
		};
		E84262281BE072C500770213 /* Build configuration list for PBXNativeTarget "项目_音乐播放器Tests" */ = {
			isa = XCConfigurationList;
			buildConfigurations = (
				E84262291BE072C500770213 /* Debug */,
				E842622A1BE072C500770213 /* Release */,
			);
			defaultConfigurationIsVisible = 0;
			defaultConfigurationName = Release;
		};
		E842622B1BE072C500770213 /* Build configuration list for PBXNativeTarget "项目_音乐播放器UITests" */ = {
			isa = XCConfigurationList;
			buildConfigurations = (
				E842622C1BE072C500770213 /* Debug */,
				E842622D1BE072C500770213 /* Release */,
			);
			defaultConfigurationIsVisible = 0;
			defaultConfigurationName = Release;
		};
/* End XCConfigurationList section */
	};
	rootObject = E84261F01BE072C500770213 /* Project object */;
}
